
Microsoft Visual Studio Solution File, Format Version 12.00
# Visual Studio Version 16
VisualStudioVersion = 16.0.30621.155
MinimumVisualStudioVersion = 10.0.40219.1
Project("{FAE04EC0-301F-11D3-BF4B-00C04F79EFBC}") = "CurrencyConverter.Android", "CurrencyConverter\CurrencyConverter.Android\CurrencyConverter.Android.csproj", "{798D6862-E39A-45C0-BE3A-D2A4949AADC7}"
EndProject
Project("{FAE04EC0-301F-11D3-BF4B-00C04F79EFBC}") = "CurrencyConverter", "CurrencyConverter\CurrencyConverter\CurrencyConverter.csproj", "{7DCEF0B5-D644-4E65-8BD5-480FE499F181}"
EndProject
Global
	GlobalSection(SolutionConfigurationPlatforms) = preSolution
		Debug|Any CPU = Debug|Any CPU
		Release|Any CPU = Release|Any CPU
	EndGlobalSection
	GlobalSection(ProjectConfigurationPlatforms) = postSolution
		{798D6862-E39A-45C0-BE3A-D2A4949AADC7}.Debug|Any CPU.ActiveCfg = Debug|Any CPU
		{798D6862-E39A-45C0-BE3A-D2A4949AADC7}.Debug|Any CPU.Build.0 = Debug|Any CPU
		{798D6862-E39A-45C0-BE3A-D2A4949AADC7}.Debug|Any CPU.Deploy.0 = Debug|Any CPU
		{798D6862-E39A-45C0-BE3A-D2A4949AADC7}.Release|Any CPU.ActiveCfg = Release|Any CPU
		{798D6862-E39A-45C0-BE3A-D2A4949AADC7}.Release|Any CPU.Build.0 = Release|Any CPU
		{798D6862-E39A-45C0-BE3A-D2A4949AADC7}.Release|Any CPU.Deploy.0 = Release|Any CPU
		{7DCEF0B5-D644-4E65-8BD5-480FE499F181}.Debug|Any CPU.ActiveCfg = Debug|Any CPU
		{7DCEF0B5-D644-4E65-8BD5-480FE499F181}.Debug|Any CPU.Build.0 = Debug|Any CPU
		{7DCEF0B5-D644-4E65-8BD5-480FE499F181}.Debug|Any CPU.Deploy.0 = Debug|Any CPU
		{7DCEF0B5-D644-4E65-8BD5-480FE499F181}.Release|Any CPU.ActiveCfg = Release|Any CPU
		{7DCEF0B5-D644-4E65-8BD5-480FE499F181}.Release|Any CPU.Build.0 = Release|Any CPU
		{7DCEF0B5-D644-4E65-8BD5-480FE499F181}.Release|Any CPU.Deploy.0 = Release|Any CPU
	EndGlobalSection
	GlobalSection(SolutionProperties) = preSolution
		HideSolutionNode = FALSE
	EndGlobalSection
	GlobalSection(ExtensibilityGlobals) = postSolution
		SolutionGuid = {E8492C20-B3E6-426F-A8BB-25667C91EB08}
	EndGlobalSection
EndGlobal
